
Microsoft Visual Studio Solution File, Format Version 12.00
# Visual Studio Version 16
VisualStudioVersion = 16.0.29926.136
MinimumVisualStudioVersion = 10.0.40219.1
Project("{FAE04EC0-301F-11D3-BF4B-00C04F79EFBC}") = "3020A3_q2", "3020A3_q2\3020A3_q2.csproj", "{70DCCC67-B749-4EC2-B992-CB5A3DA42B0F}"
EndProject
Global
	GlobalSection(SolutionConfigurationPlatforms) = preSolution
		Debug|Any CPU = Debug|Any CPU
		Release|Any CPU = Release|Any CPU
	EndGlobalSection
	GlobalSection(ProjectConfigurationPlatforms) = postSolution
		{70DCCC67-B749-4EC2-B992-CB5A3DA42B0F}.Debug|Any CPU.ActiveCfg = Debug|Any CPU
		{70DCCC67-B749-4EC2-B992-CB5A3DA42B0F}.Debug|Any CPU.Build.0 = Debug|Any CPU
		{70DCCC67-B749-4EC2-B992-CB5A3DA42B0F}.Release|Any CPU.ActiveCfg = Release|Any CPU
		{70DCCC67-B749-4EC2-B992-CB5A3DA42B0F}.Release|Any CPU.Build.0 = Release|Any CPU
	EndGlobalSection
	GlobalSection(SolutionProperties) = preSolution
		HideSolutionNode = FALSE
	EndGlobalSection
	GlobalSection(ExtensibilityGlobals) = postSolution
		SolutionGuid = {CB9AEB53-EAC4-4673-9E7F-3CFB061E6C77}
	EndGlobalSection
EndGlobal
