
Microsoft Visual Studio Solution File, Format Version 12.00
# Visual Studio Version 16
VisualStudioVersion = 16.0.29926.136
MinimumVisualStudioVersion = 10.0.40219.1
Project("{FAE04EC0-301F-11D3-BF4B-00C04F79EFBC}") = "A2_3020", "A2_3020\A2_3020.csproj", "{4E6646CC-95E9-4933-A41E-7A3C32F5AE94}"
EndProject
Global
	GlobalSection(SolutionConfigurationPlatforms) = preSolution
		Debug|Any CPU = Debug|Any CPU
		Release|Any CPU = Release|Any CPU
	EndGlobalSection
	GlobalSection(ProjectConfigurationPlatforms) = postSolution
		{4E6646CC-95E9-4933-A41E-7A3C32F5AE94}.Debug|Any CPU.ActiveCfg = Debug|Any CPU
		{4E6646CC-95E9-4933-A41E-7A3C32F5AE94}.Debug|Any CPU.Build.0 = Debug|Any CPU
		{4E6646CC-95E9-4933-A41E-7A3C32F5AE94}.Release|Any CPU.ActiveCfg = Release|Any CPU
		{4E6646CC-95E9-4933-A41E-7A3C32F5AE94}.Release|Any CPU.Build.0 = Release|Any CPU
	EndGlobalSection
	GlobalSection(SolutionProperties) = preSolution
		HideSolutionNode = FALSE
	EndGlobalSection
	GlobalSection(ExtensibilityGlobals) = postSolution
		SolutionGuid = {B01D58C3-B034-4E14-98A4-17E4C9FCB1A6}
	EndGlobalSection
EndGlobal
