
Microsoft Visual Studio Solution File, Format Version 12.00
# Visual Studio Version 16
VisualStudioVersion = 16.0.29926.136
MinimumVisualStudioVersion = 10.0.40219.1
Project("{FAE04EC0-301F-11D3-BF4B-00C04F79EFBC}") = "3020A3", "3020A3\3020A3.csproj", "{331AF975-6569-43E7-955A-6B173B827F82}"
EndProject
Global
	GlobalSection(SolutionConfigurationPlatforms) = preSolution
		Debug|Any CPU = Debug|Any CPU
		Release|Any CPU = Release|Any CPU
	EndGlobalSection
	GlobalSection(ProjectConfigurationPlatforms) = postSolution
		{331AF975-6569-43E7-955A-6B173B827F82}.Debug|Any CPU.ActiveCfg = Debug|Any CPU
		{331AF975-6569-43E7-955A-6B173B827F82}.Debug|Any CPU.Build.0 = Debug|Any CPU
		{331AF975-6569-43E7-955A-6B173B827F82}.Release|Any CPU.ActiveCfg = Release|Any CPU
		{331AF975-6569-43E7-955A-6B173B827F82}.Release|Any CPU.Build.0 = Release|Any CPU
	EndGlobalSection
	GlobalSection(SolutionProperties) = preSolution
		HideSolutionNode = FALSE
	EndGlobalSection
	GlobalSection(ExtensibilityGlobals) = postSolution
		SolutionGuid = {14EC586D-A6DF-4F02-B520-6AF9CCABD36C}
	EndGlobalSection
EndGlobal
